
Microsoft Visual Studio Solution File, Format Version 12.00
# Visual Studio Version 17
VisualStudioVersion = 17.5.002.0
MinimumVisualStudioVersion = 10.0.40219.1
Project("{9A19103F-16F7-4668-BE54-9A1E7A4F7556}") = "q2_add_two_numbers", "q2_add_two_numbers\q2_add_two_numbers.csproj", "{548B2483-8E8C-4A99-90FD-2252CC5D59FA}"
EndProject
Project("{FAE04EC0-301F-11D3-BF4B-00C04F79EFBC}") = "q1_two_sum", "q1_two_sum\q1_two_sum.csproj", "{34C92CA7-0E10-45D5-AA52-112AF36A5F58}"
EndProject
Global
	GlobalSection(SolutionConfigurationPlatforms) = preSolution
		Debug|Any CPU = Debug|Any CPU
		Release|Any CPU = Release|Any CPU
	EndGlobalSection
	GlobalSection(ProjectConfigurationPlatforms) = postSolution
		{548B2483-8E8C-4A99-90FD-2252CC5D59FA}.Debug|Any CPU.ActiveCfg = Debug|Any CPU
		{548B2483-8E8C-4A99-90FD-2252CC5D59FA}.Debug|Any CPU.Build.0 = Debug|Any CPU
		{548B2483-8E8C-4A99-90FD-2252CC5D59FA}.Release|Any CPU.ActiveCfg = Release|Any CPU
		{548B2483-8E8C-4A99-90FD-2252CC5D59FA}.Release|Any CPU.Build.0 = Release|Any CPU
		{34C92CA7-0E10-45D5-AA52-112AF36A5F58}.Debug|Any CPU.ActiveCfg = Debug|Any CPU
		{34C92CA7-0E10-45D5-AA52-112AF36A5F58}.Debug|Any CPU.Build.0 = Debug|Any CPU
		{34C92CA7-0E10-45D5-AA52-112AF36A5F58}.Release|Any CPU.ActiveCfg = Release|Any CPU
		{34C92CA7-0E10-45D5-AA52-112AF36A5F58}.Release|Any CPU.Build.0 = Release|Any CPU
	EndGlobalSection
	GlobalSection(SolutionProperties) = preSolution
		HideSolutionNode = FALSE
	EndGlobalSection
	GlobalSection(ExtensibilityGlobals) = postSolution
		SolutionGuid = {27429A1A-F392-4456-9BCC-3F51B2A31776}
	EndGlobalSection
EndGlobal
